
Microsoft Visual Studio Solution File, Format Version 12.00
# Visual Studio Version 16
VisualStudioVersion = 16.0.31129.286
MinimumVisualStudioVersion = 10.0.40219.1
Project("{FAE04EC0-301F-11D3-BF4B-00C04F79EFBC}") = "Sistemas.Web", "Sistemas.Web\Sistemas.Web.csproj", "{B2D03E28-2344-4F06-9E22-32741828906C}"
EndProject
Global
	GlobalSection(SolutionConfigurationPlatforms) = preSolution
		Debug|Any CPU = Debug|Any CPU
		Release|Any CPU = Release|Any CPU
	EndGlobalSection
	GlobalSection(ProjectConfigurationPlatforms) = postSolution
		{B2D03E28-2344-4F06-9E22-32741828906C}.Debug|Any CPU.ActiveCfg = Debug|Any CPU
		{B2D03E28-2344-4F06-9E22-32741828906C}.Debug|Any CPU.Build.0 = Debug|Any CPU
		{B2D03E28-2344-4F06-9E22-32741828906C}.Release|Any CPU.ActiveCfg = Release|Any CPU
		{B2D03E28-2344-4F06-9E22-32741828906C}.Release|Any CPU.Build.0 = Release|Any CPU
	EndGlobalSection
	GlobalSection(SolutionProperties) = preSolution
		HideSolutionNode = FALSE
	EndGlobalSection
	GlobalSection(ExtensibilityGlobals) = postSolution
		SolutionGuid = {4350F410-D9B6-4D40-AA42-51FF9B37919F}
	EndGlobalSection
EndGlobal
